
Microsoft Visual Studio Solution File, Format Version 12.00
# Visual Studio 15
VisualStudioVersion = 15.0.27703.2042
MinimumVisualStudioVersion = 10.0.40219.1
Project("{FAE04EC0-301F-11D3-BF4B-00C04F79EFBC}") = "FindNumbers", "FindNumbers\FindNumbers.csproj", "{2530DE1B-2ED4-4604-B0DE-5515F926A755}"
EndProject
Global
	GlobalSection(Performance) = preSolution
		HasPerformanceSessions = true
	EndGlobalSection
	GlobalSection(SolutionConfigurationPlatforms) = preSolution
		Debug|Any CPU = Debug|Any CPU
		Release|Any CPU = Release|Any CPU
	EndGlobalSection
	GlobalSection(ProjectConfigurationPlatforms) = postSolution
		{2530DE1B-2ED4-4604-B0DE-5515F926A755}.Debug|Any CPU.ActiveCfg = Debug|Any CPU
		{2530DE1B-2ED4-4604-B0DE-5515F926A755}.Debug|Any CPU.Build.0 = Debug|Any CPU
		{2530DE1B-2ED4-4604-B0DE-5515F926A755}.Release|Any CPU.ActiveCfg = Release|Any CPU
		{2530DE1B-2ED4-4604-B0DE-5515F926A755}.Release|Any CPU.Build.0 = Release|Any CPU
	EndGlobalSection
	GlobalSection(SolutionProperties) = preSolution
		HideSolutionNode = FALSE
	EndGlobalSection
	GlobalSection(ExtensibilityGlobals) = postSolution
		SolutionGuid = {9A23C611-37E9-4EC7-9112-61D7A7F431E4}
	EndGlobalSection
EndGlobal
